
Microsoft Visual Studio Solution File, Format Version 12.00
# Visual Studio Version 17
VisualStudioVersion = 17.13.35931.197 d17.13
MinimumVisualStudioVersion = 10.0.40219.1
Project("{FAE04EC0-301F-11D3-BF4B-00C04F79EFBC}") = "Excel2Json", "Excel2Json.csproj", "{F3728774-73B1-4591-AC01-7D535AB104D5}"
EndProject
Global
	GlobalSection(SolutionConfigurationPlatforms) = preSolution
		Debug|Any CPU = Debug|Any CPU
		Release|Any CPU = Release|Any CPU
	EndGlobalSection
	GlobalSection(ProjectConfigurationPlatforms) = postSolution
		{F3728774-73B1-4591-AC01-7D535AB104D5}.Debug|Any CPU.ActiveCfg = Debug|Any CPU
		{F3728774-73B1-4591-AC01-7D535AB104D5}.Debug|Any CPU.Build.0 = Debug|Any CPU
		{F3728774-73B1-4591-AC01-7D535AB104D5}.Release|Any CPU.ActiveCfg = Release|Any CPU
		{F3728774-73B1-4591-AC01-7D535AB104D5}.Release|Any CPU.Build.0 = Release|Any CPU
	EndGlobalSection
	GlobalSection(SolutionProperties) = preSolution
		HideSolutionNode = FALSE
	EndGlobalSection
	GlobalSection(ExtensibilityGlobals) = postSolution
		SolutionGuid = {21C195A5-3CC8-4AF6-A226-1D0631D994F9}
	EndGlobalSection
EndGlobal
